schema: '2.0'
stages:
  preprocess:
    cmd: python ./src/preprocess.py ./data/
    deps:
    - path: ./src/preprocess.py
      md5: a4f778201ba398dd3595b648454e35f6
      size: 2330
    - path: data/likes.csv
      md5: 95521a8fa42baaefdd6ea723aef4cb0a
      size: 516389
    - path: data/news.csv
      md5: bbce2c1260c713ea67148b782444f0a9
      size: 448070
    - path: data/ratings.csv
      md5: 21e9cde37355a6128dd2eac26d264aa4
      size: 722505
    - path: data/users.csv
      md5: 5029d7659c0a76ecaf652a357fd0b828
      size: 175077
  train:
    cmd: python ./src/train.py ./data/
    deps:
    - path: ./data/news_processed.csv
      md5: 6ab14bd0ab192fdab1a0d4412a7853f0
      size: 462458
    - path: ./data/ratings_processed.csv
      md5: 111729ac7b2edd8d5d90cc5f78e10567
      size: 1441893
    - path: ./data/users_processed.csv
      md5: 438a8d29316caf064cc33319fa214248
      size: 348547
    - path: ./src/model.py
      md5: 1698bf5a46b941bfccba4f3b826ad416
      size: 7783
    - path: ./src/train.py
      md5: 3bf1fe50ffeff8e555025863fde582f9
      size: 3466
    outs:
    - path: ./data/embeddings.pt
      md5: 9901fe14deaf817fc221b255850e413f
      size: 3050415
    - path: ./data/losses.png
      md5: ffd4a9e2c8a71b28f2f681685cab8dc1
      size: 33389
    - path: ./data/metrics.json
      md5: d1458b4f97a953d62c4baedffa0da725
      size: 177
    - path: ./data/test_losses.csv
      md5: 5cc5a10cde0824d4075d2861c3b58e4d
      size: 39
    - path: ./data/train_losses.csv
      md5: c3364784c8810879114fa1613944e7be
      size: 38
