schema: '2.0'
stages:
  preprocess:
    cmd: python ./src/preprocess.py ./data/
    deps:
    - path: ./src/preprocess.py
      md5: b663cf0e9cf4eff52b600a4fdde63b3e
      size: 2436
    - path: data/likes.csv
      md5: 95521a8fa42baaefdd6ea723aef4cb0a
      size: 516389
    - path: data/news.csv
      md5: bbce2c1260c713ea67148b782444f0a9
      size: 448070
    - path: data/ratings.csv
      md5: 21e9cde37355a6128dd2eac26d264aa4
      size: 722505
    - path: data/users.csv
      md5: 5029d7659c0a76ecaf652a357fd0b828
      size: 175077
  train:
    cmd: python ./src/train.py ./data/
    deps:
    - path: ./data/news_processed.csv
      md5: 6ab14bd0ab192fdab1a0d4412a7853f0
      size: 462458
    - path: ./data/ratings_processed.csv
      md5: 111729ac7b2edd8d5d90cc5f78e10567
      size: 1441893
    - path: ./data/users_processed.csv
      md5: 438a8d29316caf064cc33319fa214248
      size: 348547
    - path: ./src/model.py
      md5: ddf396d22cbca599837b52a836a01328
      size: 7785
    - path: ./src/train.py
      md5: 8ec888dc9b94444649bc78a12cd71f3f
      size: 3468
    outs:
    - path: ./data/embeddings.pt
      md5: d3d17a5206fdf12c793def1b29b3d33c
      size: 3050351
    - path: ./data/losses.png
      md5: 51411e92cea923e53524d990fb2407ff
      size: 28456
    - path: ./data/metrics.json
      md5: c853837a1d88bac7e3793ce97b2d6be3
      size: 177
    - path: ./data/test_losses.csv
      md5: ea78f5c6707b9818f4ca24199417e980
      size: 39
    - path: ./data/train_losses.csv
      md5: cb4562285947caddcdaf2cb9bf4b436a
      size: 38
  evaluate:
    cmd: python ./src/evaluate.py ./data/ 7170
    deps:
    - path: ./data/embeddings.pt
      md5: d3d17a5206fdf12c793def1b29b3d33c
      size: 3050351
    - path: ./data/news_processed.csv
      md5: 6ab14bd0ab192fdab1a0d4412a7853f0
      size: 462458
    - path: ./data/ratings_processed.csv
      md5: 111729ac7b2edd8d5d90cc5f78e10567
      size: 1441893
    - path: ./data/users_processed.csv
      md5: 438a8d29316caf064cc33319fa214248
      size: 348547
    - path: ./src/evaluate.py
      md5: a99fbacfc1ab3d1253be2362276890e1
      size: 3252
    - path: ./src/model.py
      md5: 71387728ef741d7547af76c6dc3fb694
      size: 7494
