schema: '2.0'
stages:
  preprocess:
    cmd: python ./src/preprocess.py ./data/
    deps:
    - path: ./src/preprocess.py
      md5: a16cd651f9526eae2605cc60076c814c
      size: 3247
    - path: data/likes.csv
      md5: 2e3ad78902dc3cf16527afc4934da8cf
      size: 959350
    - path: data/news.csv
      md5: d3122c175932ee0cfec1392b972bf9ec
      size: 894975
    - path: data/ratings.csv
      md5: fd7643f6bf5ee0dc1ab1dd0d81edd1f5
      size: 1340740
    - path: data/users.csv
      md5: b2e41172416f144b3409395c61dee5ee
      size: 199047
  train:
    cmd: python ./src/train.py ./data/
    deps:
    - path: ./data/news_processed.csv
      md5: 41f1e695d87b106e56aa7ec0a3b2f2ec
      size: 926683
    - path: ./data/ratings_processed.csv
      md5: f3d5cfdbcb917a43eb1cf064466fae02
      size: 2677324
    - path: ./data/users_processed.csv
      md5: a9bb9688726b3060b5fedc9b6de587e7
      size: 396487
    - path: ./src/model.py
      md5: 5e4b1b99882999c66c672d451c78244e
      size: 7586
    - path: ./src/train.py
      md5: bdbbdbc83a1671397b7d7570f2fe57a1
      size: 3518
    outs:
    - path: ./data/embeddings.pt
      md5: 8eae04f4a2c5fe2c745b45031f88c7ef
      size: 3708271
    - path: ./data/losses.png
      md5: 920b135966cc65a2e77204ee21c930d1
      size: 37188
    - path: ./data/metrics.json
      md5: 683945518f9f138d99058eb528613685
      size: 182
    - path: ./data/test_losses.csv
      md5: dbd834b51b0d3a8c058d298810cf6a7e
      size: 2764
    - path: ./data/train_losses.csv
      md5: 61540fc00bf5cc37e14a72237e6f4fa8
      size: 2792
  evaluate:
    cmd: python ./src/evaluate.py ./data/ 7170
    deps:
    - path: ./data/embeddings.pt
      md5: 8eae04f4a2c5fe2c745b45031f88c7ef
      size: 3708271
    - path: ./data/news_processed.csv
      md5: 41f1e695d87b106e56aa7ec0a3b2f2ec
      size: 926683
    - path: ./data/ratings_processed.csv
      md5: f3d5cfdbcb917a43eb1cf064466fae02
      size: 2677324
    - path: ./data/users_processed.csv
      md5: a9bb9688726b3060b5fedc9b6de587e7
      size: 396487
    - path: ./src/evaluate.py
      md5: ea754c4fd06a2137fd2878ae99ef343c
      size: 3516
    - path: ./src/model.py
      md5: 5e4b1b99882999c66c672d451c78244e
      size: 7586
